{
  "requires": true,
  "lockfileVersion": 1,
  "dependencies": {
    "bootstrap": {
      "version": "4.3.1",
      "resolved": "https://registry.npmjs.org/bootstrap/-/bootstrap-4.3.1.tgz",
      "integrity": "sha512-rXqOmH1VilAt2DyPzluTi2blhk17bO7ef+zLLPlWvG494pDxcM234pJ8wTc/6R40UWizAIIMgxjvxZg5kmsbag=="
    },
    "eos-icons": {
      "version": "3.1.0",
      "resolved": "https://registry.npmjs.org/eos-icons/-/eos-icons-3.1.0.tgz",
      "integrity": "sha512-s7tyl2WEyhEQ07Uqdv31O4rpKbQWqEwLirEx/DkzdUwhGJaGfSVRUu5x2//b/CQ8Tq1FFzrcLGzg29ybzj/5Dg=="
    },
    "jquery": {
      "version": "2.2.4",
      "resolved": "https://registry.npmjs.org/jquery/-/jquery-2.2.4.tgz",
      "integrity": "sha1-LInWiJterFIqfuoywUUhVZxsvwI="
    }
  }
}
