{
  "requires": true,
  "lockfileVersion": 1,
  "dependencies": {
    "bootstrap": {
      "version": "4.3.1",
      "resolved": "https://registry.npmjs.org/bootstrap/-/bootstrap-4.3.1.tgz",
      "integrity": "sha512-rXqOmH1VilAt2DyPzluTi2blhk17bO7ef+zLLPlWvG494pDxcM234pJ8wTc/6R40UWizAIIMgxjvxZg5kmsbag=="
    },
    "eos-icons": {
      "version": "2.0.3",
      "resolved": "https://registry.npmjs.org/eos-icons/-/eos-icons-2.0.3.tgz",
      "integrity": "sha512-KgOdhegUbncYU01i9cF4ol11ffv7a9k1incjwiLtLlRvdMI4NF3nC6KfI4f+Tp1zevIM/BAaDDQWM2FkXbQujA==",
      "requires": {
        "grunt-text-replace": "^0.4.0",
        "material-design-icons": "^3.0.1"
      }
    },
    "grunt-text-replace": {
      "version": "0.4.0",
      "resolved": "https://registry.npmjs.org/grunt-text-replace/-/grunt-text-replace-0.4.0.tgz",
      "integrity": "sha1-252c5Z4v5J2id+nbwZXD4Rz7FsI="
    },
    "jquery": {
      "version": "2.2.4",
      "resolved": "https://registry.npmjs.org/jquery/-/jquery-2.2.4.tgz",
      "integrity": "sha1-LInWiJterFIqfuoywUUhVZxsvwI="
    },
    "material-design-icons": {
      "version": "3.0.1",
      "resolved": "https://registry.npmjs.org/material-design-icons/-/material-design-icons-3.0.1.tgz",
      "integrity": "sha1-mnHEh0chjrylHlGmbaaCA4zct78="
    }
  }
}
